# THIS IS AN AUTOGENERATED FILE. DO NOT EDIT THIS FILE DIRECTLY.
# yarn lockfile v1


hammerjs@^2.0.8:
  version "2.0.8"
  resolved "https://registry.npm.taobao.org/hammerjs/download/hammerjs-2.0.8.tgz#04ef77862cff2bb79d30f7692095930222bf60f1"
  integrity sha1-BO93hiz/K7edMPdpIJWTAiK/YPE=

oimo@^1.0.9:
  version "1.0.9"
  resolved "https://registry.npm.taobao.org/oimo/download/oimo-1.0.9.tgz#0b592e361c799103fdb04fb3be1264245ef6884b"
  integrity sha1-C1kuNhx5kQP9sE+zvhJkJF72iEs=

three@^0.110.0:
  version "0.110.0"
  resolved "https://registry.npm.taobao.org/three/download/three-0.110.0.tgz#8719591de1336269113ee79f4268ba247b2324f8"
  integrity sha1-hxlZHeEzYmkRPuefQmi6JHsjJPg=

typescript@^3.7.2:
  version "3.7.2"
  resolved "https://registry.npm.taobao.org/typescript/download/typescript-3.7.2.tgz#27e489b95fa5909445e9fef5ee48d81697ad18fb"
  integrity sha1-J+SJuV+lkJRF6f717kjYFpetGPs=
